[[package]]
name = "pytube"
version = "12.1.2"
description = "Python 3 library for downloading YouTube Videos."
category = "main"
optional = false
python-versions = ">=3.6"

[metadata]
lock-version = "1.1"
python-versions = "^3.8"
content-hash = "5cc7329a5692a5887bfdabcbb9d5fdcc00341db9c6a2b50530f5f736c7366952"

[metadata.files]
pytube = []
